
Microsoft Visual Studio Solution File, Format Version 12.00
# Visual Studio Version 17
VisualStudioVersion = 17.9.34723.18
MinimumVisualStudioVersion = 10.0.40219.1
Project("{FAE04EC0-301F-11D3-BF4B-00C04F79EFBC}") = "t9", "t9.csproj", "{BF63B47A-126C-4CC5-965D-5F4A43647C61}"
EndProject
Global
	GlobalSection(SolutionConfigurationPlatforms) = preSolution
		Debug|Any CPU = Debug|Any CPU
		Release|Any CPU = Release|Any CPU
	EndGlobalSection
	GlobalSection(ProjectConfigurationPlatforms) = postSolution
		{BF63B47A-126C-4CC5-965D-5F4A43647C61}.Debug|Any CPU.ActiveCfg = Debug|Any CPU
		{BF63B47A-126C-4CC5-965D-5F4A43647C61}.Debug|Any CPU.Build.0 = Debug|Any CPU
		{BF63B47A-126C-4CC5-965D-5F4A43647C61}.Release|Any CPU.ActiveCfg = Release|Any CPU
		{BF63B47A-126C-4CC5-965D-5F4A43647C61}.Release|Any CPU.Build.0 = Release|Any CPU
	EndGlobalSection
	GlobalSection(SolutionProperties) = preSolution
		HideSolutionNode = FALSE
	EndGlobalSection
	GlobalSection(ExtensibilityGlobals) = postSolution
		SolutionGuid = {D98E6217-5F60-4EEC-BD57-934CC736D180}
	EndGlobalSection
EndGlobal
